
Microsoft Visual Studio Solution File, Format Version 12.00
# Visual Studio Version 17
VisualStudioVersion = 17.2.32630.192
MinimumVisualStudioVersion = 10.0.40219.1
Project("{FAE04EC0-301F-11D3-BF4B-00C04F79EFBC}") = "LoxInterpreter", "LoxInterpreter\LoxInterpreter.csproj", "{66962F11-4ECA-4060-AC81-2507EE20FFA5}"
EndProject
Project("{FAE04EC0-301F-11D3-BF4B-00C04F79EFBC}") = "Tests", "Tests\Tests.csproj", "{41DCE1AD-80CE-463C-B143-C173DD9B8B7B}"
EndProject
Global
	GlobalSection(SolutionConfigurationPlatforms) = preSolution
		Debug|Any CPU = Debug|Any CPU
		DebugFile|Any CPU = DebugFile|Any CPU
		Release|Any CPU = Release|Any CPU
	EndGlobalSection
	GlobalSection(ProjectConfigurationPlatforms) = postSolution
		{66962F11-4ECA-4060-AC81-2507EE20FFA5}.Debug|Any CPU.ActiveCfg = Debug|Any CPU
		{66962F11-4ECA-4060-AC81-2507EE20FFA5}.Debug|Any CPU.Build.0 = Debug|Any CPU
		{66962F11-4ECA-4060-AC81-2507EE20FFA5}.DebugFile|Any CPU.ActiveCfg = DebugFile|Any CPU
		{66962F11-4ECA-4060-AC81-2507EE20FFA5}.DebugFile|Any CPU.Build.0 = DebugFile|Any CPU
		{66962F11-4ECA-4060-AC81-2507EE20FFA5}.Release|Any CPU.ActiveCfg = Release|Any CPU
		{66962F11-4ECA-4060-AC81-2507EE20FFA5}.Release|Any CPU.Build.0 = Release|Any CPU
		{41DCE1AD-80CE-463C-B143-C173DD9B8B7B}.Debug|Any CPU.ActiveCfg = Debug|Any CPU
		{41DCE1AD-80CE-463C-B143-C173DD9B8B7B}.Debug|Any CPU.Build.0 = Debug|Any CPU
		{41DCE1AD-80CE-463C-B143-C173DD9B8B7B}.DebugFile|Any CPU.ActiveCfg = DebugFile|Any CPU
		{41DCE1AD-80CE-463C-B143-C173DD9B8B7B}.DebugFile|Any CPU.Build.0 = DebugFile|Any CPU
		{41DCE1AD-80CE-463C-B143-C173DD9B8B7B}.Release|Any CPU.ActiveCfg = Release|Any CPU
		{41DCE1AD-80CE-463C-B143-C173DD9B8B7B}.Release|Any CPU.Build.0 = Release|Any CPU
	EndGlobalSection
	GlobalSection(SolutionProperties) = preSolution
		HideSolutionNode = FALSE
	EndGlobalSection
	GlobalSection(ExtensibilityGlobals) = postSolution
		SolutionGuid = {C91DBCC1-2F6D-42AD-BA3E-A6A5AA001AAB}
	EndGlobalSection
EndGlobal
