
Microsoft Visual Studio Solution File, Format Version 12.00
# Visual Studio Version 17
VisualStudioVersion = 17.2.32630.192
MinimumVisualStudioVersion = 10.0.40219.1
Project("{FAE04EC0-301F-11D3-BF4B-00C04F79EFBC}") = "LoxInterpreter", "LoxInterpreter\LoxInterpreter.csproj", "{66962F11-4ECA-4060-AC81-2507EE20FFA5}"
EndProject
Project("{9A19103F-16F7-4668-BE54-9A1E7A4F7556}") = "Tests", "Tests\Tests.csproj", "{41DCE1AD-80CE-463C-B143-C173DD9B8B7B}"
EndProject
Project("{8BC9CEB8-8B4A-11D0-8D11-00A0C91BC942}") = "LoxVirtualMachine", "LoxVirtualMachine\LoxVirtualMachine.vcxproj", "{DD925AB2-A159-40BB-B3CF-1707F1A7C12F}"
EndProject
Global
	GlobalSection(SolutionConfigurationPlatforms) = preSolution
		Debug|Any CPU = Debug|Any CPU
		Debug|x64 = Debug|x64
		Debug|x86 = Debug|x86
		DebugFile|Any CPU = DebugFile|Any CPU
		DebugFile|x64 = DebugFile|x64
		DebugFile|x86 = DebugFile|x86
		Release|Any CPU = Release|Any CPU
		Release|x64 = Release|x64
		Release|x86 = Release|x86
	EndGlobalSection
	GlobalSection(ProjectConfigurationPlatforms) = postSolution
		{66962F11-4ECA-4060-AC81-2507EE20FFA5}.Debug|Any CPU.ActiveCfg = Debug|Any CPU
		{66962F11-4ECA-4060-AC81-2507EE20FFA5}.Debug|Any CPU.Build.0 = Debug|Any CPU
		{66962F11-4ECA-4060-AC81-2507EE20FFA5}.Debug|x64.ActiveCfg = Debug|Any CPU
		{66962F11-4ECA-4060-AC81-2507EE20FFA5}.Debug|x64.Build.0 = Debug|Any CPU
		{66962F11-4ECA-4060-AC81-2507EE20FFA5}.Debug|x86.ActiveCfg = Debug|Any CPU
		{66962F11-4ECA-4060-AC81-2507EE20FFA5}.Debug|x86.Build.0 = Debug|Any CPU
		{66962F11-4ECA-4060-AC81-2507EE20FFA5}.DebugFile|Any CPU.ActiveCfg = DebugFile|Any CPU
		{66962F11-4ECA-4060-AC81-2507EE20FFA5}.DebugFile|Any CPU.Build.0 = DebugFile|Any CPU
		{66962F11-4ECA-4060-AC81-2507EE20FFA5}.DebugFile|x64.ActiveCfg = DebugFile|Any CPU
		{66962F11-4ECA-4060-AC81-2507EE20FFA5}.DebugFile|x64.Build.0 = DebugFile|Any CPU
		{66962F11-4ECA-4060-AC81-2507EE20FFA5}.DebugFile|x86.ActiveCfg = DebugFile|Any CPU
		{66962F11-4ECA-4060-AC81-2507EE20FFA5}.DebugFile|x86.Build.0 = DebugFile|Any CPU
		{66962F11-4ECA-4060-AC81-2507EE20FFA5}.Release|Any CPU.ActiveCfg = Release|Any CPU
		{66962F11-4ECA-4060-AC81-2507EE20FFA5}.Release|Any CPU.Build.0 = Release|Any CPU
		{66962F11-4ECA-4060-AC81-2507EE20FFA5}.Release|x64.ActiveCfg = Release|Any CPU
		{66962F11-4ECA-4060-AC81-2507EE20FFA5}.Release|x64.Build.0 = Release|Any CPU
		{66962F11-4ECA-4060-AC81-2507EE20FFA5}.Release|x86.ActiveCfg = Release|Any CPU
		{66962F11-4ECA-4060-AC81-2507EE20FFA5}.Release|x86.Build.0 = Release|Any CPU
		{41DCE1AD-80CE-463C-B143-C173DD9B8B7B}.Debug|Any CPU.ActiveCfg = Debug|Any CPU
		{41DCE1AD-80CE-463C-B143-C173DD9B8B7B}.Debug|Any CPU.Build.0 = Debug|Any CPU
		{41DCE1AD-80CE-463C-B143-C173DD9B8B7B}.Debug|x64.ActiveCfg = Debug|Any CPU
		{41DCE1AD-80CE-463C-B143-C173DD9B8B7B}.Debug|x64.Build.0 = Debug|Any CPU
		{41DCE1AD-80CE-463C-B143-C173DD9B8B7B}.Debug|x86.ActiveCfg = Debug|Any CPU
		{41DCE1AD-80CE-463C-B143-C173DD9B8B7B}.Debug|x86.Build.0 = Debug|Any CPU
		{41DCE1AD-80CE-463C-B143-C173DD9B8B7B}.DebugFile|Any CPU.ActiveCfg = DebugFile|Any CPU
		{41DCE1AD-80CE-463C-B143-C173DD9B8B7B}.DebugFile|Any CPU.Build.0 = DebugFile|Any CPU
		{41DCE1AD-80CE-463C-B143-C173DD9B8B7B}.DebugFile|x64.ActiveCfg = DebugFile|Any CPU
		{41DCE1AD-80CE-463C-B143-C173DD9B8B7B}.DebugFile|x64.Build.0 = DebugFile|Any CPU
		{41DCE1AD-80CE-463C-B143-C173DD9B8B7B}.DebugFile|x86.ActiveCfg = DebugFile|Any CPU
		{41DCE1AD-80CE-463C-B143-C173DD9B8B7B}.DebugFile|x86.Build.0 = DebugFile|Any CPU
		{41DCE1AD-80CE-463C-B143-C173DD9B8B7B}.Release|Any CPU.ActiveCfg = Release|Any CPU
		{41DCE1AD-80CE-463C-B143-C173DD9B8B7B}.Release|Any CPU.Build.0 = Release|Any CPU
		{41DCE1AD-80CE-463C-B143-C173DD9B8B7B}.Release|x64.ActiveCfg = Release|Any CPU
		{41DCE1AD-80CE-463C-B143-C173DD9B8B7B}.Release|x64.Build.0 = Release|Any CPU
		{41DCE1AD-80CE-463C-B143-C173DD9B8B7B}.Release|x86.ActiveCfg = Release|Any CPU
		{41DCE1AD-80CE-463C-B143-C173DD9B8B7B}.Release|x86.Build.0 = Release|Any CPU
		{DD925AB2-A159-40BB-B3CF-1707F1A7C12F}.Debug|Any CPU.ActiveCfg = Debug|x64
		{DD925AB2-A159-40BB-B3CF-1707F1A7C12F}.Debug|Any CPU.Build.0 = Debug|x64
		{DD925AB2-A159-40BB-B3CF-1707F1A7C12F}.Debug|x64.ActiveCfg = Debug|x64
		{DD925AB2-A159-40BB-B3CF-1707F1A7C12F}.Debug|x64.Build.0 = Debug|x64
		{DD925AB2-A159-40BB-B3CF-1707F1A7C12F}.Debug|x86.ActiveCfg = Debug|Win32
		{DD925AB2-A159-40BB-B3CF-1707F1A7C12F}.Debug|x86.Build.0 = Debug|Win32
		{DD925AB2-A159-40BB-B3CF-1707F1A7C12F}.DebugFile|Any CPU.ActiveCfg = Debug|x64
		{DD925AB2-A159-40BB-B3CF-1707F1A7C12F}.DebugFile|Any CPU.Build.0 = Debug|x64
		{DD925AB2-A159-40BB-B3CF-1707F1A7C12F}.DebugFile|x64.ActiveCfg = Debug|x64
		{DD925AB2-A159-40BB-B3CF-1707F1A7C12F}.DebugFile|x64.Build.0 = Debug|x64
		{DD925AB2-A159-40BB-B3CF-1707F1A7C12F}.DebugFile|x86.ActiveCfg = Debug|Win32
		{DD925AB2-A159-40BB-B3CF-1707F1A7C12F}.DebugFile|x86.Build.0 = Debug|Win32
		{DD925AB2-A159-40BB-B3CF-1707F1A7C12F}.Release|Any CPU.ActiveCfg = Release|x64
		{DD925AB2-A159-40BB-B3CF-1707F1A7C12F}.Release|Any CPU.Build.0 = Release|x64
		{DD925AB2-A159-40BB-B3CF-1707F1A7C12F}.Release|x64.ActiveCfg = Release|x64
		{DD925AB2-A159-40BB-B3CF-1707F1A7C12F}.Release|x64.Build.0 = Release|x64
		{DD925AB2-A159-40BB-B3CF-1707F1A7C12F}.Release|x86.ActiveCfg = Release|Win32
		{DD925AB2-A159-40BB-B3CF-1707F1A7C12F}.Release|x86.Build.0 = Release|Win32
	EndGlobalSection
	GlobalSection(SolutionProperties) = preSolution
		HideSolutionNode = FALSE
	EndGlobalSection
	GlobalSection(ExtensibilityGlobals) = postSolution
		SolutionGuid = {C91DBCC1-2F6D-42AD-BA3E-A6A5AA001AAB}
	EndGlobalSection
EndGlobal
